
Microsoft Visual Studio Solution File, Format Version 12.00
# Visual Studio Version 17
VisualStudioVersion = 17.0.32002.185
MinimumVisualStudioVersion = 10.0.40219.1
Project("{FAE04EC0-301F-11D3-BF4B-00C04F79EFBC}") = "Exec_Declareint01", "Exec_Declareint01\Exec_Declareint01.csproj", "{A71C230A-490D-4C32-81E4-ED25C27A75DB}"
EndProject
Global
	GlobalSection(SolutionConfigurationPlatforms) = preSolution
		Debug|Any CPU = Debug|Any CPU
		Release|Any CPU = Release|Any CPU
	EndGlobalSection
	GlobalSection(ProjectConfigurationPlatforms) = postSolution
		{A71C230A-490D-4C32-81E4-ED25C27A75DB}.Debug|Any CPU.ActiveCfg = Debug|Any CPU
		{A71C230A-490D-4C32-81E4-ED25C27A75DB}.Debug|Any CPU.Build.0 = Debug|Any CPU
		{A71C230A-490D-4C32-81E4-ED25C27A75DB}.Release|Any CPU.ActiveCfg = Release|Any CPU
		{A71C230A-490D-4C32-81E4-ED25C27A75DB}.Release|Any CPU.Build.0 = Release|Any CPU
	EndGlobalSection
	GlobalSection(SolutionProperties) = preSolution
		HideSolutionNode = FALSE
	EndGlobalSection
	GlobalSection(ExtensibilityGlobals) = postSolution
		SolutionGuid = {1552C793-6C3B-45FB-991F-9F5E6361CCE4}
	EndGlobalSection
EndGlobal
